<?xml version="1.0" encoding="utf-8"?>
<Project ToolsVersion="4.0" xmlns="http://schemas.microsoft.com/developer/msbuild/2003">
  <ItemGroup>
    <Filter Include="Source Files">
      <UniqueIdentifier>{4FC737F1-C7A5-4376-A066-2A32D752A2FF}</UniqueIdentifier>
      <Extensions>qml;cpp;c;cc;cxx;def;odl;idl;hpj;bat;asm;asmx</Extensions>
    </Filter>
    <Filter Include="Header Files">
      <UniqueIdentifier>{93995380-89BD-4b04-88EB-625FBE52EBFB}</UniqueIdentifier>
      <Extensions>h;hh;hpp;hxx;hm;inl;inc;xsd</Extensions>
    </Filter>
    <Filter Include="Resource Files">
      <UniqueIdentifier>{67DA6AB6-F800-4c08-8B7A-83BB121AAD01}</UniqueIdentifier>
      <Extensions>qrc;rc;ico;cur;bmp;dlg;rc2;rct;bin;rgs;gif;jpg;jpeg;jpe;resx;tiff;tif;png;wav;mfcribbon-ms</Extensions>
    </Filter>
    <Filter Include="Form Files">
      <UniqueIdentifier>{99349809-55BA-4b9d-BF79-8FDBB0286EB3}</UniqueIdentifier>
      <Extensions>ui</Extensions>
    </Filter>
    <Filter Include="Translation Files">
      <UniqueIdentifier>{639EADAA-A684-42e4-A9AD-28FC9BCB8F7C}</UniqueIdentifier>
      <Extensions>ts</Extensions>
    </Filter>
  </ItemGroup>
  <ItemGroup>
    <QtRcc Include="Hello.qrc">
      <Filter>Resource Files</Filter>
    </QtRcc>
    <QtUic Include="Hello.ui">
      <Filter>Form Files</Filter>
    </QtUic>
    <QtMoc Include="Hello.h">
      <Filter>Header Files</Filter>
    </QtMoc>
    <ClCompile Include="Hello.cpp">
      <Filter>Source Files</Filter>
    </ClCompile>
  </ItemGroup>
  <ItemGroup>
    <ClCompile Include="main.cpp">
      <Filter>Source Files</Filter>
    </ClCompile>
    <ClCompile Include="JellyButton.cpp">
      <Filter>Source Files</Filter>
    </ClCompile>
    <ClCompile Include="SerialWorker.cpp">
      <Filter>Source Files</Filter>
    </ClCompile>
    <ClCompile Include="SerialWindow.cpp">
      <Filter>Source Files</Filter>
    </ClCompile>
    <ClCompile Include="NetworkHelper.cpp">
      <Filter>Source Files</Filter>
    </ClCompile>
    <ClCompile Include="NetworkHelperWindow.cpp">
      <Filter>Source Files</Filter>
    </ClCompile>
    <ClCompile Include="VoiceHelper.cpp">
      <Filter>Source Files</Filter>
    </ClCompile>
    <ClCompile Include="VideoWindow.cpp">
      <Filter>Source Files</Filter>
    </ClCompile>
    <ClCompile Include="MarqueeLabel.cpp">
      <Filter>Source Files</Filter>
    </ClCompile>
    <ClCompile Include="VideoHelper.cpp">
      <Filter>Source Files</Filter>
    </ClCompile>
    <ClCompile Include="ImageCarousel.cpp">
      <Filter>Source Files</Filter>
    </ClCompile>
    <ClCompile Include="ReportHelper.cpp">
      <Filter>Source Files</Filter>
    </ClCompile>
    <ClCompile Include="ReportWindow.cpp">
      <Filter>Source Files</Filter>
    </ClCompile>
    <ClCompile Include="UsbRawHelper.cpp">
      <Filter>Source Files</Filter>
    </ClCompile>
    <ClCompile Include="UsbRawWindow.cpp">
      <Filter>Source Files</Filter>
    </ClCompile>
    <ClCompile Include="WebWindow.cpp">
      <Filter>Source Files</Filter>
    </ClCompile>
    <ClCompile Include="CoreBridge.cpp">
      <Filter>Source Files</Filter>
    </ClCompile>
    <ClCompile Include="BrowserWindow.cpp">
      <Filter>Source Files</Filter>
    </ClCompile>
    <ClCompile Include="WsClientManager.cpp">
      <Filter>Source Files</Filter>
    </ClCompile>
    <ClCompile Include="wsServerWindow.cpp">
      <Filter>Source Files</Filter>
    </ClCompile>
    <ClCompile Include="wsClientWindow.cpp">
      <Filter>Source Files</Filter>
    </ClCompile>
    <ClCompile Include="BleManager.cpp">
      <Filter>Source Files</Filter>
    </ClCompile>
    <ClCompile Include="BluetoothWindow.cpp">
      <Filter>Source Files</Filter>
    </ClCompile>
    <ClCompile Include="FaceTestWindow.cpp">
      <Filter>Source Files</Filter>
    </ClCompile>
  </ItemGroup>
  <ItemGroup>
    <QtMoc Include="JellyButton.h">
      <Filter>Header Files</Filter>
    </QtMoc>
    <QtMoc Include="SerialWorker.h">
      <Filter>Header Files</Filter>
    </QtMoc>
    <QtMoc Include="SerialWindow.h">
      <Filter>Header Files</Filter>
    </QtMoc>
    <QtMoc Include="NetworkHelper.h">
      <Filter>Header Files</Filter>
    </QtMoc>
    <QtMoc Include="NetworkHelperWindow.h">
      <Filter>Header Files</Filter>
    </QtMoc>
    <QtMoc Include="VoiceHelper.h">
      <Filter>Header Files</Filter>
    </QtMoc>
    <QtMoc Include="VideoWindow.h">
      <Filter>Header Files</Filter>
    </QtMoc>
    <QtMoc Include="MarqueeLabel.h">
      <Filter>Header Files</Filter>
    </QtMoc>
    <QtMoc Include="VideoHelper.h">
      <Filter>Header Files</Filter>
    </QtMoc>
    <QtMoc Include="ImageCarousel.h">
      <Filter>Header Files</Filter>
    </QtMoc>
    <QtMoc Include="ReportHelper.h">
      <Filter>Header Files</Filter>
    </QtMoc>
    <QtMoc Include="ReportWindow.h">
      <Filter>Header Files</Filter>
    </QtMoc>
    <QtMoc Include="UsbRawHelper.h">
      <Filter>Header Files</Filter>
    </QtMoc>
    <QtMoc Include="UsbRawWindow.h">
      <Filter>Header Files</Filter>
    </QtMoc>
    <QtMoc Include="WebWindow.h">
      <Filter>Header Files</Filter>
    </QtMoc>
    <QtMoc Include="CoreBridge.h">
      <Filter>Header Files</Filter>
    </QtMoc>
    <QtMoc Include="BrowserWindow.h">
      <Filter>Header Files</Filter>
    </QtMoc>
    <QtMoc Include="WsClientManager.h">
      <Filter>Header Files</Filter>
    </QtMoc>
    <QtMoc Include="wsServerWindow.h">
      <Filter>Header Files</Filter>
    </QtMoc>
    <QtMoc Include="wsClientWindow.h">
      <Filter>Header Files</Filter>
    </QtMoc>
    <QtMoc Include="BleManager.h">
      <Filter>Header Files</Filter>
    </QtMoc>
    <QtMoc Include="BluetoothWindow.h">
      <Filter>Header Files</Filter>
    </QtMoc>
    <QtMoc Include="FaceTestWindow.h">
      <Filter>Header Files</Filter>
    </QtMoc>
  </ItemGroup>
  <ItemGroup>
    <QtUic Include="SerialWindow.ui">
      <Filter>Form Files</Filter>
    </QtUic>
  </ItemGroup>
  <ItemGroup>
    <ClInclude Include="ApiResponse.h">
      <Filter>Header Files</Filter>
    </ClInclude>
  </ItemGroup>
</Project>